{
  "name": "music",
  "version": "1.0.0",
  "lockfileVersion": 1,
  "requires": true,
  "dependencies": {
    "uview-ui": {
      "version": "2.0.34",
      "resolved": "https://registry.npmmirror.com/uview-ui/-/uview-ui-2.0.34.tgz",
      "integrity": "sha512-usJHnPCtk45yLTWTXTpLX9Vuqhzjth/+4t/m+S3J5bZuahv49mVQ126rtSnuAWWVkOUtKCX4CU83gFHZj8nP5g=="
    }
  }
}
